
Microsoft Visual Studio Solution File, Format Version 12.00
# Visual Studio Version 17
VisualStudioVersion = 17.10.35013.160
MinimumVisualStudioVersion = 10.0.40219.1
Project("{9A19103F-16F7-4668-BE54-9A1E7A4F7556}") = "Esercizio_M4_W2_D3", "M4\W2\D3\Esercizio_M4_W2_D3\Esercizio_M4_W2_D3.csproj", "{BF29C0A4-F7D3-4267-B988-8F42A43EFA93}"
EndProject
Project("{9A19103F-16F7-4668-BE54-9A1E7A4F7556}") = "Esercizio_M4_W2_D5", "M4\W2\D5\Esercizio_M4_W2_D5\Esercizio_M4_W2_D5.csproj", "{F591740C-1C41-4462-A582-255BEFEE3407}"
EndProject
Global
	GlobalSection(SolutionConfigurationPlatforms) = preSolution
		Debug|Any CPU = Debug|Any CPU
		Release|Any CPU = Release|Any CPU
	EndGlobalSection
	GlobalSection(ProjectConfigurationPlatforms) = postSolution
		{BF29C0A4-F7D3-4267-B988-8F42A43EFA93}.Debug|Any CPU.ActiveCfg = Debug|Any CPU
		{BF29C0A4-F7D3-4267-B988-8F42A43EFA93}.Debug|Any CPU.Build.0 = Debug|Any CPU
		{BF29C0A4-F7D3-4267-B988-8F42A43EFA93}.Release|Any CPU.ActiveCfg = Release|Any CPU
		{BF29C0A4-F7D3-4267-B988-8F42A43EFA93}.Release|Any CPU.Build.0 = Release|Any CPU
		{F591740C-1C41-4462-A582-255BEFEE3407}.Debug|Any CPU.ActiveCfg = Debug|Any CPU
		{F591740C-1C41-4462-A582-255BEFEE3407}.Debug|Any CPU.Build.0 = Debug|Any CPU
		{F591740C-1C41-4462-A582-255BEFEE3407}.Release|Any CPU.ActiveCfg = Release|Any CPU
		{F591740C-1C41-4462-A582-255BEFEE3407}.Release|Any CPU.Build.0 = Release|Any CPU
	EndGlobalSection
	GlobalSection(SolutionProperties) = preSolution
		HideSolutionNode = FALSE
	EndGlobalSection
	GlobalSection(ExtensibilityGlobals) = postSolution
		SolutionGuid = {907A0E85-DE0B-4E2A-849A-6F113ACE8C58}
	EndGlobalSection
EndGlobal
