
Microsoft Visual Studio Solution File, Format Version 12.00
# Visual Studio Version 17
VisualStudioVersion = 17.10.35013.160
MinimumVisualStudioVersion = 10.0.40219.1
Project("{9A19103F-16F7-4668-BE54-9A1E7A4F7556}") = "Esercizio_M4_W2_D3", "M4\W2\D3\Esercizio_M4_W2_D3\Esercizio_M4_W2_D3.csproj", "{BF29C0A4-F7D3-4267-B988-8F42A43EFA93}"
EndProject
Project("{9A19103F-16F7-4668-BE54-9A1E7A4F7556}") = "Esercizio_M4_W2_D5", "M4\W2\D5\Esercizio_M4_W2_D5\Esercizio_M4_W2_D5.csproj", "{F591740C-1C41-4462-A582-255BEFEE3407}"
EndProject
Project("{9A19103F-16F7-4668-BE54-9A1E7A4F7556}") = "Esercizio_M3_W3_D4", "M4\W3\D4\Esercizio_M3_W3_D4\Esercizio_M3_W3_D4.csproj", "{6EC60B1E-136E-4C06-9744-FBEC945859DB}"
EndProject
Project("{9A19103F-16F7-4668-BE54-9A1E7A4F7556}") = "Esercizio_M5_W1", "Esercizio_M5_W1\Esercizio_M5_W1.csproj", "{998819BD-75BF-4CF0-8F19-9830B23FA693}"
EndProject
Project("{9A19103F-16F7-4668-BE54-9A1E7A4F7556}") = "Esercizio_M5_W1_D5", "M5\W1\D5\Esercizio_M5_W1_D5\Esercizio_M5_W1_D5.csproj", "{DABA6392-8CAB-4450-94D0-6EF415FE18D5}"
EndProject
Project("{FAE04EC0-301F-11D3-BF4B-00C04F79EFBC}") = "Esercizio_Gestione_Albergo", "M5\W2\Esercizio_Gestione_Albergo\Esercizio_Gestione_Albergo.csproj", "{3EC26EEB-1AA1-489F-9387-491E03298582}"
EndProject
Global
	GlobalSection(SolutionConfigurationPlatforms) = preSolution
		Debug|Any CPU = Debug|Any CPU
		Release|Any CPU = Release|Any CPU
	EndGlobalSection
	GlobalSection(ProjectConfigurationPlatforms) = postSolution
		{BF29C0A4-F7D3-4267-B988-8F42A43EFA93}.Debug|Any CPU.ActiveCfg = Debug|Any CPU
		{BF29C0A4-F7D3-4267-B988-8F42A43EFA93}.Debug|Any CPU.Build.0 = Debug|Any CPU
		{BF29C0A4-F7D3-4267-B988-8F42A43EFA93}.Release|Any CPU.ActiveCfg = Release|Any CPU
		{BF29C0A4-F7D3-4267-B988-8F42A43EFA93}.Release|Any CPU.Build.0 = Release|Any CPU
		{F591740C-1C41-4462-A582-255BEFEE3407}.Debug|Any CPU.ActiveCfg = Debug|Any CPU
		{F591740C-1C41-4462-A582-255BEFEE3407}.Debug|Any CPU.Build.0 = Debug|Any CPU
		{F591740C-1C41-4462-A582-255BEFEE3407}.Release|Any CPU.ActiveCfg = Release|Any CPU
		{F591740C-1C41-4462-A582-255BEFEE3407}.Release|Any CPU.Build.0 = Release|Any CPU
		{6EC60B1E-136E-4C06-9744-FBEC945859DB}.Debug|Any CPU.ActiveCfg = Debug|Any CPU
		{6EC60B1E-136E-4C06-9744-FBEC945859DB}.Debug|Any CPU.Build.0 = Debug|Any CPU
		{6EC60B1E-136E-4C06-9744-FBEC945859DB}.Release|Any CPU.ActiveCfg = Release|Any CPU
		{6EC60B1E-136E-4C06-9744-FBEC945859DB}.Release|Any CPU.Build.0 = Release|Any CPU
		{998819BD-75BF-4CF0-8F19-9830B23FA693}.Debug|Any CPU.ActiveCfg = Debug|Any CPU
		{998819BD-75BF-4CF0-8F19-9830B23FA693}.Debug|Any CPU.Build.0 = Debug|Any CPU
		{998819BD-75BF-4CF0-8F19-9830B23FA693}.Release|Any CPU.ActiveCfg = Release|Any CPU
		{998819BD-75BF-4CF0-8F19-9830B23FA693}.Release|Any CPU.Build.0 = Release|Any CPU
		{DABA6392-8CAB-4450-94D0-6EF415FE18D5}.Debug|Any CPU.ActiveCfg = Debug|Any CPU
		{DABA6392-8CAB-4450-94D0-6EF415FE18D5}.Debug|Any CPU.Build.0 = Debug|Any CPU
		{DABA6392-8CAB-4450-94D0-6EF415FE18D5}.Release|Any CPU.ActiveCfg = Release|Any CPU
		{DABA6392-8CAB-4450-94D0-6EF415FE18D5}.Release|Any CPU.Build.0 = Release|Any CPU
		{3EC26EEB-1AA1-489F-9387-491E03298582}.Debug|Any CPU.ActiveCfg = Debug|Any CPU
		{3EC26EEB-1AA1-489F-9387-491E03298582}.Debug|Any CPU.Build.0 = Debug|Any CPU
		{3EC26EEB-1AA1-489F-9387-491E03298582}.Release|Any CPU.ActiveCfg = Release|Any CPU
		{3EC26EEB-1AA1-489F-9387-491E03298582}.Release|Any CPU.Build.0 = Release|Any CPU
	EndGlobalSection
	GlobalSection(SolutionProperties) = preSolution
		HideSolutionNode = FALSE
	EndGlobalSection
	GlobalSection(ExtensibilityGlobals) = postSolution
		SolutionGuid = {907A0E85-DE0B-4E2A-849A-6F113ACE8C58}
	EndGlobalSection
EndGlobal
